
Microsoft Visual Studio Solution File, Format Version 11.00
# Visual Studio 2010
Project("{FAE04EC0-301F-11D3-BF4B-00C04F79EFBC}") = "TalkFriend", "Assembly-CSharp.csproj", "{021E3EA2-6AB1-8213-60E6-9CC3EE0FBFA7}"
EndProject
Global
	GlobalSection(SolutionConfigurationPlatforms) = preSolution
		Debug|Any CPU = Debug|Any CPU
		Release|Any CPU = Release|Any CPU
	EndGlobalSection
	GlobalSection(ProjectConfigurationPlatforms) = postSolution
		{021E3EA2-6AB1-8213-60E6-9CC3EE0FBFA7}.Debug|Any CPU.ActiveCfg = Debug|Any CPU
		{021E3EA2-6AB1-8213-60E6-9CC3EE0FBFA7}.Debug|Any CPU.Build.0 = Debug|Any CPU
		{021E3EA2-6AB1-8213-60E6-9CC3EE0FBFA7}.Release|Any CPU.ActiveCfg = Release|Any CPU
		{021E3EA2-6AB1-8213-60E6-9CC3EE0FBFA7}.Release|Any CPU.Build.0 = Release|Any CPU
	EndGlobalSection
	GlobalSection(SolutionProperties) = preSolution
		HideSolutionNode = FALSE
	EndGlobalSection
	GlobalSection(MonoDevelopProperties) = preSolution
		StartupItem = Assembly-CSharp.csproj
	EndGlobalSection
EndGlobal
